// !$*UTF8*$!
{
	archiveVersion = 1;
	classes = {
	};
	objectVersion = 48;
	objects = {

/* Begin PBXBuildFile section */
		58160C111FD4DA610049B7BB /* AppDelegate.swift in Sources */ = {isa = PBXBuildFile; fileRef = 58160C101FD4DA610049B7BB /* AppDelegate.swift */; };
		58160C131FD4DA610049B7BB /* ViewController.swift in Sources */ = {isa = PBXBuildFile; fileRef = 58160C121FD4DA610049B7BB /* ViewController.swift */; };
		58160C161FD4DA610049B7BB /* Main.storyboard in Resources */ = {isa = PBXBuildFile; fileRef = 58160C141FD4DA610049B7BB /* Main.storyboard */; };
		58160C191FD4DA610049B7BB /* IDN_Teacher.xcdatamodeld in Sources */ = {isa = PBXBuildFile; fileRef = 58160C171FD4DA610049B7BB /* IDN_Teacher.xcdatamodeld */; };
		58160C1B1FD4DA610049B7BB /* Assets.xcassets in Resources */ = {isa = PBXBuildFile; fileRef = 58160C1A1FD4DA610049B7BB /* Assets.xcassets */; };
		58160C1E1FD4DA610049B7BB /* LaunchScreen.storyboard in Resources */ = {isa = PBXBuildFile; fileRef = 58160C1C1FD4DA610049B7BB /* LaunchScreen.storyboard */; };
		58160C291FD4DA610049B7BB /* IDN_TeacherTests.swift in Sources */ = {isa = PBXBuildFile; fileRef = 58160C281FD4DA610049B7BB /* IDN_TeacherTests.swift */; };
		58160C341FD4DA610049B7BB /* IDN_TeacherUITests.swift in Sources */ = {isa = PBXBuildFile; fileRef = 58160C331FD4DA610049B7BB /* IDN_TeacherUITests.swift */; };
/* End PBXBuildFile section */

/* Begin PBXContainerItemProxy section */
		58160C251FD4DA610049B7BB /* PBXContainerItemProxy */ = {
			isa = PBXContainerItemProxy;
			containerPortal = 58160C051FD4DA610049B7BB /* Project object */;
			proxyType = 1;
			remoteGlobalIDString = 58160C0C1FD4DA610049B7BB;
			remoteInfo = "IDN Teacher";
		};
		58160C301FD4DA610049B7BB /* PBXContainerItemProxy */ = {
			isa = PBXContainerItemProxy;
			containerPortal = 58160C051FD4DA610049B7BB /* Project object */;
			proxyType = 1;
			remoteGlobalIDString = 58160C0C1FD4DA610049B7BB;
			remoteInfo = "IDN Teacher";
		};
/* End PBXContainerItemProxy section */

/* Begin PBXFileReference section */
		58160C0D1FD4DA610049B7BB /* IDN Teacher.app */ = {isa = PBXFileReference; explicitFileType = wrapper.application; includeInIndex = 0; path = "IDN Teacher.app"; sourceTree = BUILT_PRODUCTS_DIR; };
		58160C101FD4DA610049B7BB /* AppDelegate.swift */ = {isa = PBXFileReference; lastKnownFileType = sourcecode.swift; path = AppDelegate.swift; sourceTree = "<group>"; };
		58160C121FD4DA610049B7BB /* ViewController.swift */ = {isa = PBXFileReference; lastKnownFileType = sourcecode.swift; path = ViewController.swift; sourceTree = "<group>"; };
		58160C151FD4DA610049B7BB /* Base */ = {isa = PBXFileReference; lastKnownFileType = file.storyboard; name = Base; path = Base.lproj/Main.storyboard; sourceTree = "<group>"; };
		58160C181FD4DA610049B7BB /* IDN_Teacher.xcdatamodel */ = {isa = PBXFileReference; lastKnownFileType = wrapper.xcdatamodel; path = IDN_Teacher.xcdatamodel; sourceTree = "<group>"; };
		58160C1A1FD4DA610049B7BB /* Assets.xcassets */ = {isa = PBXFileReference; lastKnownFileType = folder.assetcatalog; path = Assets.xcassets; sourceTree = "<group>"; };
		58160C1D1FD4DA610049B7BB /* Base */ = {isa = PBXFileReference; lastKnownFileType = file.storyboard; name = Base; path = Base.lproj/LaunchScreen.storyboard; sourceTree = "<group>"; };
		58160C1F1FD4DA610049B7BB /* Info.plist */ = {isa = PBXFileReference; lastKnownFileType = text.plist.xml; path = Info.plist; sourceTree = "<group>"; };
		58160C241FD4DA610049B7BB /* IDN TeacherTests.xctest */ = {isa = PBXFileReference; explicitFileType = wrapper.cfbundle; includeInIndex = 0; path = "IDN TeacherTests.xctest"; sourceTree = BUILT_PRODUCTS_DIR; };
		58160C281FD4DA610049B7BB /* IDN_TeacherTests.swift */ = {isa = PBXFileReference; lastKnownFileType = sourcecode.swift; path = IDN_TeacherTests.swift; sourceTree = "<group>"; };
		58160C2A1FD4DA610049B7BB /* Info.plist */ = {isa = PBXFileReference; lastKnownFileType = text.plist.xml; path = Info.plist; sourceTree = "<group>"; };
		58160C2F1FD4DA610049B7BB /* IDN TeacherUITests.xctest */ = {isa = PBXFileReference; explicitFileType = wrapper.cfbundle; includeInIndex = 0; path = "IDN TeacherUITests.xctest"; sourceTree = BUILT_PRODUCTS_DIR; };
		58160C331FD4DA610049B7BB /* IDN_TeacherUITests.swift */ = {isa = PBXFileReference; lastKnownFileType = sourcecode.swift; path = IDN_TeacherUITests.swift; sourceTree = "<group>"; };
		58160C351FD4DA610049B7BB /* Info.plist */ = {isa = PBXFileReference; lastKnownFileType = text.plist.xml; path = Info.plist; sourceTree = "<group>"; };
/* End PBXFileReference section */

/* Begin PBXFrameworksBuildPhase section */
		58160C0A1FD4DA610049B7BB /* Frameworks */ = {
			isa = PBXFrameworksBuildPhase;
			buildActionMask = 2147483647;
			files = (
			);
			runOnlyForDeploymentPostprocessing = 0;
		};
		58160C211FD4DA610049B7BB /* Frameworks */ = {
			isa = PBXFrameworksBuildPhase;
			buildActionMask = 2147483647;
			files = (
			);
			runOnlyForDeploymentPostprocessing = 0;
		};
		58160C2C1FD4DA610049B7BB /* Frameworks */ = {
			isa = PBXFrameworksBuildPhase;
			buildActionMask = 2147483647;
			files = (
			);
			runOnlyForDeploymentPostprocessing = 0;
		};
/* End PBXFrameworksBuildPhase section */

/* Begin PBXGroup section */
		58160C041FD4DA610049B7BB = {
			isa = PBXGroup;
			children = (
				58160C0F1FD4DA610049B7BB /* IDN Teacher */,
				58160C271FD4DA610049B7BB /* IDN TeacherTests */,
				58160C321FD4DA610049B7BB /* IDN TeacherUITests */,
				58160C0E1FD4DA610049B7BB /* Products */,
			);
			sourceTree = "<group>";
		};
		58160C0E1FD4DA610049B7BB /* Products */ = {
			isa = PBXGroup;
			children = (
				58160C0D1FD4DA610049B7BB /* IDN Teacher.app */,
				58160C241FD4DA610049B7BB /* IDN TeacherTests.xctest */,
				58160C2F1FD4DA610049B7BB /* IDN TeacherUITests.xctest */,
			);
			name = Products;
			sourceTree = "<group>";
		};
		58160C0F1FD4DA610049B7BB /* IDN Teacher */ = {
			isa = PBXGroup;
			children = (
				58160C101FD4DA610049B7BB /* AppDelegate.swift */,
				58160C121FD4DA610049B7BB /* ViewController.swift */,
				58160C141FD4DA610049B7BB /* Main.storyboard */,
				58160C1A1FD4DA610049B7BB /* Assets.xcassets */,
				58160C1C1FD4DA610049B7BB /* LaunchScreen.storyboard */,
				58160C1F1FD4DA610049B7BB /* Info.plist */,
				58160C171FD4DA610049B7BB /* IDN_Teacher.xcdatamodeld */,
			);
			path = "IDN Teacher";
			sourceTree = "<group>";
		};
		58160C271FD4DA610049B7BB /* IDN TeacherTests */ = {
			isa = PBXGroup;
			children = (
				58160C281FD4DA610049B7BB /* IDN_TeacherTests.swift */,
				58160C2A1FD4DA610049B7BB /* Info.plist */,
			);
			path = "IDN TeacherTests";
			sourceTree = "<group>";
		};
		58160C321FD4DA610049B7BB /* IDN TeacherUITests */ = {
			isa = PBXGroup;
			children = (
				58160C331FD4DA610049B7BB /* IDN_TeacherUITests.swift */,
				58160C351FD4DA610049B7BB /* Info.plist */,
			);
			path = "IDN TeacherUITests";
			sourceTree = "<group>";
		};
/* End PBXGroup section */

/* Begin PBXNativeTarget section */
		58160C0C1FD4DA610049B7BB /* IDN Teacher */ = {
			isa = PBXNativeTarget;
			buildConfigurationList = 58160C381FD4DA610049B7BB /* Build configuration list for PBXNativeTarget "IDN Teacher" */;
			buildPhases = (
				58160C091FD4DA610049B7BB /* Sources */,
				58160C0A1FD4DA610049B7BB /* Frameworks */,
				58160C0B1FD4DA610049B7BB /* Resources */,
			);
			buildRules = (
			);
			dependencies = (
			);
			name = "IDN Teacher";
			productName = "IDN Teacher";
			productReference = 58160C0D1FD4DA610049B7BB /* IDN Teacher.app */;
			productType = "com.apple.product-type.application";
		};
		58160C231FD4DA610049B7BB /* IDN TeacherTests */ = {
			isa = PBXNativeTarget;
			buildConfigurationList = 58160C3B1FD4DA610049B7BB /* Build configuration list for PBXNativeTarget "IDN TeacherTests" */;
			buildPhases = (
				58160C201FD4DA610049B7BB /* Sources */,
				58160C211FD4DA610049B7BB /* Frameworks */,
				58160C221FD4DA610049B7BB /* Resources */,
			);
			buildRules = (
			);
			dependencies = (
				58160C261FD4DA610049B7BB /* PBXTargetDependency */,
			);
			name = "IDN TeacherTests";
			productName = "IDN TeacherTests";
			productReference = 58160C241FD4DA610049B7BB /* IDN TeacherTests.xctest */;
			productType = "com.apple.product-type.bundle.unit-test";
		};
		58160C2E1FD4DA610049B7BB /* IDN TeacherUITests */ = {
			isa = PBXNativeTarget;
			buildConfigurationList = 58160C3E1FD4DA610049B7BB /* Build configuration list for PBXNativeTarget "IDN TeacherUITests" */;
			buildPhases = (
				58160C2B1FD4DA610049B7BB /* Sources */,
				58160C2C1FD4DA610049B7BB /* Frameworks */,
				58160C2D1FD4DA610049B7BB /* Resources */,
			);
			buildRules = (
			);
			dependencies = (
				58160C311FD4DA610049B7BB /* PBXTargetDependency */,
			);
			name = "IDN TeacherUITests";
			productName = "IDN TeacherUITests";
			productReference = 58160C2F1FD4DA610049B7BB /* IDN TeacherUITests.xctest */;
			productType = "com.apple.product-type.bundle.ui-testing";
		};
/* End PBXNativeTarget section */

/* Begin PBXProject section */
		58160C051FD4DA610049B7BB /* Project object */ = {
			isa = PBXProject;
			attributes = {
				LastSwiftUpdateCheck = 0910;
				LastUpgradeCheck = 0910;
				ORGANIZATIONNAME = muqorrobin;
				TargetAttributes = {
					58160C0C1FD4DA610049B7BB = {
						CreatedOnToolsVersion = 9.1;
						ProvisioningStyle = Automatic;
					};
					58160C231FD4DA610049B7BB = {
						CreatedOnToolsVersion = 9.1;
						ProvisioningStyle = Automatic;
						TestTargetID = 58160C0C1FD4DA610049B7BB;
					};
					58160C2E1FD4DA610049B7BB = {
						CreatedOnToolsVersion = 9.1;
						ProvisioningStyle = Automatic;
						TestTargetID = 58160C0C1FD4DA610049B7BB;
					};
				};
			};
			buildConfigurationList = 58160C081FD4DA610049B7BB /* Build configuration list for PBXProject "IDN Teacher" */;
			compatibilityVersion = "Xcode 8.0";
			developmentRegion = en;
			hasScannedForEncodings = 0;
			knownRegions = (
				en,
				Base,
			);
			mainGroup = 58160C041FD4DA610049B7BB;
			productRefGroup = 58160C0E1FD4DA610049B7BB /* Products */;
			projectDirPath = "";
			projectRoot = "";
			targets = (
				58160C0C1FD4DA610049B7BB /* IDN Teacher */,
				58160C231FD4DA610049B7BB /* IDN TeacherTests */,
				58160C2E1FD4DA610049B7BB /* IDN TeacherUITests */,
			);
		};
/* End PBXProject section */

/* Begin PBXResourcesBuildPhase section */
		58160C0B1FD4DA610049B7BB /* Resources */ = {
			isa = PBXResourcesBuildPhase;
			buildActionMask = 2147483647;
			files = (
				58160C1E1FD4DA610049B7BB /* LaunchScreen.storyboard in Resources */,
				58160C1B1FD4DA610049B7BB /* Assets.xcassets in Resources */,
				58160C161FD4DA610049B7BB /* Main.storyboard in Resources */,
			);
			runOnlyForDeploymentPostprocessing = 0;
		};
		58160C221FD4DA610049B7BB /* Resources */ = {
			isa = PBXResourcesBuildPhase;
			buildActionMask = 2147483647;
			files = (
			);
			runOnlyForDeploymentPostprocessing = 0;
		};
		58160C2D1FD4DA610049B7BB /* Resources */ = {
			isa = PBXResourcesBuildPhase;
			buildActionMask = 2147483647;
			files = (
			);
			runOnlyForDeploymentPostprocessing = 0;
		};
/* End PBXResourcesBuildPhase section */

/* Begin PBXSourcesBuildPhase section */
		58160C091FD4DA610049B7BB /* Sources */ = {
			isa = PBXSourcesBuildPhase;
			buildActionMask = 2147483647;
			files = (
				58160C131FD4DA610049B7BB /* ViewController.swift in Sources */,
				58160C191FD4DA610049B7BB /* IDN_Teacher.xcdatamodeld in Sources */,
				58160C111FD4DA610049B7BB /* AppDelegate.swift in Sources */,
			);
			runOnlyForDeploymentPostprocessing = 0;
		};
		58160C201FD4DA610049B7BB /* Sources */ = {
			isa = PBXSourcesBuildPhase;
			buildActionMask = 2147483647;
			files = (
				58160C291FD4DA610049B7BB /* IDN_TeacherTests.swift in Sources */,
			);
			runOnlyForDeploymentPostprocessing = 0;
		};
		58160C2B1FD4DA610049B7BB /* Sources */ = {
			isa = PBXSourcesBuildPhase;
			buildActionMask = 2147483647;
			files = (
				58160C341FD4DA610049B7BB /* IDN_TeacherUITests.swift in Sources */,
			);
			runOnlyForDeploymentPostprocessing = 0;
		};
/* End PBXSourcesBuildPhase section */

/* Begin PBXTargetDependency section */
		58160C261FD4DA610049B7BB /* PBXTargetDependency */ = {
			isa = PBXTargetDependency;
			target = 58160C0C1FD4DA610049B7BB /* IDN Teacher */;
			targetProxy = 58160C251FD4DA610049B7BB /* PBXContainerItemProxy */;
		};
		58160C311FD4DA610049B7BB /* PBXTargetDependency */ = {
			isa = PBXTargetDependency;
			target = 58160C0C1FD4DA610049B7BB /* IDN Teacher */;
			targetProxy = 58160C301FD4DA610049B7BB /* PBXContainerItemProxy */;
		};
/* End PBXTargetDependency section */

/* Begin PBXVariantGroup section */
		58160C141FD4DA610049B7BB /* Main.storyboard */ = {
			isa = PBXVariantGroup;
			children = (
				58160C151FD4DA610049B7BB /* Base */,
			);
			name = Main.storyboard;
			sourceTree = "<group>";
		};
		58160C1C1FD4DA610049B7BB /* LaunchScreen.storyboard */ = {
			isa = PBXVariantGroup;
			children = (
				58160C1D1FD4DA610049B7BB /* Base */,
			);
			name = LaunchScreen.storyboard;
			sourceTree = "<group>";
		};
/* End PBXVariantGroup section */

/* Begin XCBuildConfiguration section */
		58160C361FD4DA610049B7BB /* Debug */ = {
			isa = XCBuildConfiguration;
			buildSettings = {
				ALWAYS_SEARCH_USER_PATHS = NO;
				CLANG_ANALYZER_NONNULL = YES;
				CLANG_ANALYZER_NUMBER_OBJECT_CONVERSION = YES_AGGRESSIVE;
				CLANG_CXX_LANGUAGE_STANDARD = "gnu++14";
				CLANG_CXX_LIBRARY = "libc++";
				CLANG_ENABLE_MODULES = YES;
				CLANG_ENABLE_OBJC_ARC = YES;
				CLANG_WARN_BLOCK_CAPTURE_AUTORELEASING = YES;
				CLANG_WARN_BOOL_CONVERSION = YES;
				CLANG_WARN_COMMA = YES;
				CLANG_WARN_CONSTANT_CONVERSION = YES;
				CLANG_WARN_DIRECT_OBJC_ISA_USAGE = YES_ERROR;
				CLANG_WARN_DOCUMENTATION_COMMENTS = YES;
				CLANG_WARN_EMPTY_BODY = YES;
				CLANG_WARN_ENUM_CONVERSION = YES;
				CLANG_WARN_INFINITE_RECURSION = YES;
				CLANG_WARN_INT_CONVERSION = YES;
				CLANG_WARN_NON_LITERAL_NULL_CONVERSION = YES;
				CLANG_WARN_OBJC_LITERAL_CONVERSION = YES;
				CLANG_WARN_OBJC_ROOT_CLASS = YES_ERROR;
				CLANG_WARN_RANGE_LOOP_ANALYSIS = YES;
				CLANG_WARN_STRICT_PROTOTYPES = YES;
				CLANG_WARN_SUSPICIOUS_MOVE = YES;
				CLANG_WARN_UNGUARDED_AVAILABILITY = YES_AGGRESSIVE;
				CLANG_WARN_UNREACHABLE_CODE = YES;
				CLANG_WARN__DUPLICATE_METHOD_MATCH = YES;
				CODE_SIGN_IDENTITY = "iPhone Developer";
				COPY_PHASE_STRIP = NO;
				DEBUG_INFORMATION_FORMAT = dwarf;
				ENABLE_STRICT_OBJC_MSGSEND = YES;
				ENABLE_TESTABILITY = YES;
				GCC_C_LANGUAGE_STANDARD = gnu11;
				GCC_DYNAMIC_NO_PIC = NO;
				GCC_NO_COMMON_BLOCKS = YES;
				GCC_OPTIMIZATION_LEVEL = 0;
				GCC_PREPROCESSOR_DEFINITIONS = (
					"DEBUG=1",
					"$(inherited)",
				);
				GCC_WARN_64_TO_32_BIT_CONVERSION = YES;
				GCC_WARN_ABOUT_RETURN_TYPE = YES_ERROR;
				GCC_WARN_UNDECLARED_SELECTOR = YES;
				GCC_WARN_UNINITIALIZED_AUTOS = YES_AGGRESSIVE;
				GCC_WARN_UNUSED_FUNCTION = YES;
				GCC_WARN_UNUSED_VARIABLE = YES;
				IPHONEOS_DEPLOYMENT_TARGET = 11.1;
				MTL_ENABLE_DEBUG_INFO = YES;
				ONLY_ACTIVE_ARCH = YES;
				SDKROOT = iphoneos;
				SWIFT_ACTIVE_COMPILATION_CONDITIONS = DEBUG;
				SWIFT_OPTIMIZATION_LEVEL = "-Onone";
			};
			name = Debug;
		};
		58160C371FD4DA610049B7BB /* Release */ = {
			isa = XCBuildConfiguration;
			buildSettings = {
				ALWAYS_SEARCH_USER_PATHS = NO;
				CLANG_ANALYZER_NONNULL = YES;
				CLANG_ANALYZER_NUMBER_OBJECT_CONVERSION = YES_AGGRESSIVE;
				CLANG_CXX_LANGUAGE_STANDARD = "gnu++14";
				CLANG_CXX_LIBRARY = "libc++";
				CLANG_ENABLE_MODULES = YES;
				CLANG_ENABLE_OBJC_ARC = YES;
				CLANG_WARN_BLOCK_CAPTURE_AUTORELEASING = YES;
				CLANG_WARN_BOOL_CONVERSION = YES;
				CLANG_WARN_COMMA = YES;
				CLANG_WARN_CONSTANT_CONVERSION = YES;
				CLANG_WARN_DIRECT_OBJC_ISA_USAGE = YES_ERROR;
				CLANG_WARN_DOCUMENTATION_COMMENTS = YES;
				CLANG_WARN_EMPTY_BODY = YES;
				CLANG_WARN_ENUM_CONVERSION = YES;
				CLANG_WARN_INFINITE_RECURSION = YES;
				CLANG_WARN_INT_CONVERSION = YES;
				CLANG_WARN_NON_LITERAL_NULL_CONVERSION = YES;
				CLANG_WARN_OBJC_LITERAL_CONVERSION = YES;
				CLANG_WARN_OBJC_ROOT_CLASS = YES_ERROR;
				CLANG_WARN_RANGE_LOOP_ANALYSIS = YES;
				CLANG_WARN_STRICT_PROTOTYPES = YES;
				CLANG_WARN_SUSPICIOUS_MOVE = YES;
				CLANG_WARN_UNGUARDED_AVAILABILITY = YES_AGGRESSIVE;
				CLANG_WARN_UNREACHABLE_CODE = YES;
				CLANG_WARN__DUPLICATE_METHOD_MATCH = YES;
				CODE_SIGN_IDENTITY = "iPhone Developer";
				COPY_PHASE_STRIP = NO;
				DEBUG_INFORMATION_FORMAT = "dwarf-with-dsym";
				ENABLE_NS_ASSERTIONS = NO;
				ENABLE_STRICT_OBJC_MSGSEND = YES;
				GCC_C_LANGUAGE_STANDARD = gnu11;
				GCC_NO_COMMON_BLOCKS = YES;
				GCC_WARN_64_TO_32_BIT_CONVERSION = YES;
				GCC_WARN_ABOUT_RETURN_TYPE = YES_ERROR;
				GCC_WARN_UNDECLARED_SELECTOR = YES;
				GCC_WARN_UNINITIALIZED_AUTOS = YES_AGGRESSIVE;
				GCC_WARN_UNUSED_FUNCTION = YES;
				GCC_WARN_UNUSED_VARIABLE = YES;
				IPHONEOS_DEPLOYMENT_TARGET = 11.1;
				MTL_ENABLE_DEBUG_INFO = NO;
				SDKROOT = iphoneos;
				SWIFT_OPTIMIZATION_LEVEL = "-Owholemodule";
				VALIDATE_PRODUCT = YES;
			};
			name = Release;
		};
		58160C391FD4DA610049B7BB /* Debug */ = {
			isa = XCBuildConfiguration;
			buildSettings = {
				ASSETCATALOG_COMPILER_APPICON_NAME = AppIcon;
				CODE_SIGN_STYLE = Automatic;
				INFOPLIST_FILE = "IDN Teacher/Info.plist";
				LD_RUNPATH_SEARCH_PATHS = "$(inherited) @executable_path/Frameworks";
				PRODUCT_BUNDLE_IDENTIFIER = "ios.ibnu.IDN-Teacher";
				PRODUCT_NAME = "$(TARGET_NAME)";
				SWIFT_VERSION = 4.0;
				TARGETED_DEVICE_FAMILY = "1,2";
			};
			name = Debug;
		};
		58160C3A1FD4DA610049B7BB /* Release */ = {
			isa = XCBuildConfiguration;
			buildSettings = {
				ASSETCATALOG_COMPILER_APPICON_NAME = AppIcon;
				CODE_SIGN_STYLE = Automatic;
				INFOPLIST_FILE = "IDN Teacher/Info.plist";
				LD_RUNPATH_SEARCH_PATHS = "$(inherited) @executable_path/Frameworks";
				PRODUCT_BUNDLE_IDENTIFIER = "ios.ibnu.IDN-Teacher";
				PRODUCT_NAME = "$(TARGET_NAME)";
				SWIFT_VERSION = 4.0;
				TARGETED_DEVICE_FAMILY = "1,2";
			};
			name = Release;
		};
		58160C3C1FD4DA610049B7BB /* Debug */ = {
			isa = XCBuildConfiguration;
			buildSettings = {
				ALWAYS_EMBED_SWIFT_STANDARD_LIBRARIES = YES;
				BUNDLE_LOADER = "$(TEST_HOST)";
				CODE_SIGN_STYLE = Automatic;
				INFOPLIST_FILE = "IDN TeacherTests/Info.plist";
				LD_RUNPATH_SEARCH_PATHS = "$(inherited) @executable_path/Frameworks @loader_path/Frameworks";
				PRODUCT_BUNDLE_IDENTIFIER = "ios.ibnu.IDN-TeacherTests";
				PRODUCT_NAME = "$(TARGET_NAME)";
				SWIFT_VERSION = 4.0;
				TARGETED_DEVICE_FAMILY = "1,2";
				TEST_HOST = "$(BUILT_PRODUCTS_DIR)/IDN Teacher.app/IDN Teacher";
			};
			name = Debug;
		};
		58160C3D1FD4DA610049B7BB /* Release */ = {
			isa = XCBuildConfiguration;
			buildSettings = {
				ALWAYS_EMBED_SWIFT_STANDARD_LIBRARIES = YES;
				BUNDLE_LOADER = "$(TEST_HOST)";
				CODE_SIGN_STYLE = Automatic;
				INFOPLIST_FILE = "IDN TeacherTests/Info.plist";
				LD_RUNPATH_SEARCH_PATHS = "$(inherited) @executable_path/Frameworks @loader_path/Frameworks";
				PRODUCT_BUNDLE_IDENTIFIER = "ios.ibnu.IDN-TeacherTests";
				PRODUCT_NAME = "$(TARGET_NAME)";
				SWIFT_VERSION = 4.0;
				TARGETED_DEVICE_FAMILY = "1,2";
				TEST_HOST = "$(BUILT_PRODUCTS_DIR)/IDN Teacher.app/IDN Teacher";
			};
			name = Release;
		};
		58160C3F1FD4DA610049B7BB /* Debug */ = {
			isa = XCBuildConfiguration;
			buildSettings = {
				ALWAYS_EMBED_SWIFT_STANDARD_LIBRARIES = YES;
				CODE_SIGN_STYLE = Automatic;
				INFOPLIST_FILE = "IDN TeacherUITests/Info.plist";
				LD_RUNPATH_SEARCH_PATHS = "$(inherited) @executable_path/Frameworks @loader_path/Frameworks";
				PRODUCT_BUNDLE_IDENTIFIER = "ios.ibnu.IDN-TeacherUITests";
				PRODUCT_NAME = "$(TARGET_NAME)";
				SWIFT_VERSION = 4.0;
				TARGETED_DEVICE_FAMILY = "1,2";
				TEST_TARGET_NAME = "IDN Teacher";
			};
			name = Debug;
		};
		58160C401FD4DA610049B7BB /* Release */ = {
			isa = XCBuildConfiguration;
			buildSettings = {
				ALWAYS_EMBED_SWIFT_STANDARD_LIBRARIES = YES;
				CODE_SIGN_STYLE = Automatic;
				INFOPLIST_FILE = "IDN TeacherUITests/Info.plist";
				LD_RUNPATH_SEARCH_PATHS = "$(inherited) @executable_path/Frameworks @loader_path/Frameworks";
				PRODUCT_BUNDLE_IDENTIFIER = "ios.ibnu.IDN-TeacherUITests";
				PRODUCT_NAME = "$(TARGET_NAME)";
				SWIFT_VERSION = 4.0;
				TARGETED_DEVICE_FAMILY = "1,2";
				TEST_TARGET_NAME = "IDN Teacher";
			};
			name = Release;
		};
/* End XCBuildConfiguration section */

/* Begin XCConfigurationList section */
		58160C081FD4DA610049B7BB /* Build configuration list for PBXProject "IDN Teacher" */ = {
			isa = XCConfigurationList;
			buildConfigurations = (
				58160C361FD4DA610049B7BB /* Debug */,
				58160C371FD4DA610049B7BB /* Release */,
			);
			defaultConfigurationIsVisible = 0;
			defaultConfigurationName = Release;
		};
		58160C381FD4DA610049B7BB /* Build configuration list for PBXNativeTarget "IDN Teacher" */ = {
			isa = XCConfigurationList;
			buildConfigurations = (
				58160C391FD4DA610049B7BB /* Debug */,
				58160C3A1FD4DA610049B7BB /* Release */,
			);
			defaultConfigurationIsVisible = 0;
			defaultConfigurationName = Release;
		};
		58160C3B1FD4DA610049B7BB /* Build configuration list for PBXNativeTarget "IDN TeacherTests" */ = {
			isa = XCConfigurationList;
			buildConfigurations = (
				58160C3C1FD4DA610049B7BB /* Debug */,
				58160C3D1FD4DA610049B7BB /* Release */,
			);
			defaultConfigurationIsVisible = 0;
			defaultConfigurationName = Release;
		};
		58160C3E1FD4DA610049B7BB /* Build configuration list for PBXNativeTarget "IDN TeacherUITests" */ = {
			isa = XCConfigurationList;
			buildConfigurations = (
				58160C3F1FD4DA610049B7BB /* Debug */,
				58160C401FD4DA610049B7BB /* Release */,
			);
			defaultConfigurationIsVisible = 0;
			defaultConfigurationName = Release;
		};
/* End XCConfigurationList section */

/* Begin XCVersionGroup section */
		58160C171FD4DA610049B7BB /* IDN_Teacher.xcdatamodeld */ = {
			isa = XCVersionGroup;
			children = (
				58160C181FD4DA610049B7BB /* IDN_Teacher.xcdatamodel */,
			);
			currentVersion = 58160C181FD4DA610049B7BB /* IDN_Teacher.xcdatamodel */;
			path = IDN_Teacher.xcdatamodeld;
			sourceTree = "<group>";
			versionGroupType = wrapper.xcdatamodel;
		};
/* End XCVersionGroup section */
	};
	rootObject = 58160C051FD4DA610049B7BB /* Project object */;
}
